{
    "_readme": [
        "This file locks the dependencies of your project to a known state",
        "Read more about it at https://getcomposer.org/doc/01-basic-usage.md#installing-dependencies",
        "This file is @generated automatically"
    ],
    "content-hash": "d90fdb04bc9f65f93f382d4a808265eb",
    "packages": [
        {
            "name": "nikic/php-parser",
            "version": "v4.0.1",
            "source": {
                "type": "git",
                "url": "https://github.com/nikic/PHP-Parser.git",
                "reference": "e4a54fa90a5cd8e8dd3fb4099942681731c5cdd3"
            },
            "dist": {
                "type": "zip",
                "url": "https://api.github.com/repos/nikic/PHP-Parser/zipball/e4a54fa90a5cd8e8dd3fb4099942681731c5cdd3",
                "reference": "e4a54fa90a5cd8e8dd3fb4099942681731c5cdd3",
                "shasum": ""
            },
            "require": {
                "ext-tokenizer": "*",
                "php": ">=7.0"
            },
            "require-dev": {
                "phpunit/phpunit": "^6.5 || ^7.0"
            },
            "bin": [
                "bin/php-parse"
            ],
            "type": "library",
            "extra": {
                "branch-alias": {
                    "dev-master": "4.0-dev"
                }
            },
            "autoload": {
                "psr-4": {
                    "PhpParser\\": "lib/PhpParser"
                }
            },
            "notification-url": "https://packagist.org/downloads/",
            "license": [
                "BSD-3-Clause"
            ],
            "authors": [
                {
                    "name": "Nikita Popov"
                }
            ],
            "description": "A PHP parser written in PHP",
            "keywords": [
                "parser",
                "php"
            ],
            "time": "2018-03-25T17:35:16+00:00"
        },
        {
            "name": "sbesselsen/charm",
            "version": "v1.0.4",
            "source": {
                "type": "git",
                "url": "https://github.com/sbesselsen/charm.git",
                "reference": "6a710bc14b35f23f9e4ccf122d453ef8b1949fe6"
            },
            "dist": {
                "type": "zip",
                "url": "https://api.github.com/repos/sbesselsen/charm/zipball/6a710bc14b35f23f9e4ccf122d453ef8b1949fe6",
                "reference": "6a710bc14b35f23f9e4ccf122d453ef8b1949fe6",
                "shasum": ""
            },
            "require": {
                "nikic/php-parser": "^4.0",
                "php": ">=7.1.0"
            },
            "type": "library",
            "autoload": {
                "psr-4": {
                    "Charm\\": "src/"
                }
            },
            "notification-url": "https://packagist.org/downloads/",
            "license": [
                "MIT"
            ],
            "authors": [
                {
                    "name": "Sebastiaan Besselsen",
                    "email": "sebastiaan.besselsen@gmail.com"
                }
            ],
            "description": "A fast and simple PHP 7 parser framework",
            "time": "2018-05-26T19:35:00+00:00"
        }
    ],
    "packages-dev": [],
    "aliases": [],
    "minimum-stability": "stable",
    "stability-flags": [],
    "prefer-stable": false,
    "prefer-lowest": false,
    "platform": {
        "php": ">=7.1.0"
    },
    "platform-dev": []
}
